// !$*UTF8*$!
{
	archiveVersion = 1;
	classes = {
	};
	objectVersion = 77;
	objects = {

/* Begin PBXBuildFile section */
		7A8F6BFD2E3D716300A26D48 /* AWSCostExplorer in Frameworks */ = {isa = PBXBuildFile; productRef = 7A8F6BFC2E3D716300A26D48 /* AWSCostExplorer */; };
		7A8F6BFF2E3D716300A26D48 /* AWSSTS in Frameworks */ = {isa = PBXBuildFile; productRef = 7A8F6BFE2E3D716300A26D48 /* AWSSTS */; };
/* End PBXBuildFile section */

/* Begin PBXContainerItemProxy section */
		7A8F6BDF2E3D701000A26D48 /* PBXContainerItemProxy */ = {
			isa = PBXContainerItemProxy;
			containerPortal = 7A8F6BC82E3D700F00A26D48 /* Project object */;
			proxyType = 1;
			remoteGlobalIDString = 7A8F6BCF2E3D700F00A26D48;
			remoteInfo = AWSCostMonitor;
		};
		7A8F6BE92E3D701000A26D48 /* PBXContainerItemProxy */ = {
			isa = PBXContainerItemProxy;
			containerPortal = 7A8F6BC82E3D700F00A26D48 /* Project object */;
			proxyType = 1;
			remoteGlobalIDString = 7A8F6BCF2E3D700F00A26D48;
			remoteInfo = AWSCostMonitor;
		};
/* End PBXContainerItemProxy section */

/* Begin PBXFileReference section */
		7A8F6BD02E3D700F00A26D48 /* AWSCostMonitor.app */ = {isa = PBXFileReference; explicitFileType = wrapper.application; includeInIndex = 0; path = AWSCostMonitor.app; sourceTree = BUILT_PRODUCTS_DIR; };
		7A8F6BDE2E3D701000A26D48 /* AWSCostMonitorTests.xctest */ = {isa = PBXFileReference; explicitFileType = wrapper.cfbundle; includeInIndex = 0; path = AWSCostMonitorTests.xctest; sourceTree = BUILT_PRODUCTS_DIR; };
		7A8F6BE82E3D701000A26D48 /* AWSCostMonitorUITests.xctest */ = {isa = PBXFileReference; explicitFileType = wrapper.cfbundle; includeInIndex = 0; path = AWSCostMonitorUITests.xctest; sourceTree = BUILT_PRODUCTS_DIR; };
/* End PBXFileReference section */

/* Begin PBXFileSystemSynchronizedRootGroup section */
		7A8F6BD22E3D700F00A26D48 /* AWSCostMonitor */ = {
			isa = PBXFileSystemSynchronizedRootGroup;
			path = AWSCostMonitor;
			sourceTree = "<group>";
		};
		7A8F6BE12E3D701000A26D48 /* AWSCostMonitorTests */ = {
			isa = PBXFileSystemSynchronizedRootGroup;
			path = AWSCostMonitorTests;
			sourceTree = "<group>";
		};
		7A8F6BEB2E3D701000A26D48 /* AWSCostMonitorUITests */ = {
			isa = PBXFileSystemSynchronizedRootGroup;
			path = AWSCostMonitorUITests;
			sourceTree = "<group>";
		};
/* End PBXFileSystemSynchronizedRootGroup section */

/* Begin PBXFrameworksBuildPhase section */
		7A8F6BCD2E3D700F00A26D48 /* Frameworks */ = {
			isa = PBXFrameworksBuildPhase;
			buildActionMask = 2147483647;
			files = (
				7A8F6BFD2E3D716300A26D48 /* AWSCostExplorer in Frameworks */,
				7A8F6BFF2E3D716300A26D48 /* AWSSTS in Frameworks */,
			);
			runOnlyForDeploymentPostprocessing = 0;
		};
		7A8F6BDB2E3D701000A26D48 /* Frameworks */ = {
			isa = PBXFrameworksBuildPhase;
			buildActionMask = 2147483647;
			files = (
			);
			runOnlyForDeploymentPostprocessing = 0;
		};
		7A8F6BE52E3D701000A26D48 /* Frameworks */ = {
			isa = PBXFrameworksBuildPhase;
			buildActionMask = 2147483647;
			files = (
			);
			runOnlyForDeploymentPostprocessing = 0;
		};
/* End PBXFrameworksBuildPhase section */

/* Begin PBXGroup section */
		7A8F6BC72E3D700F00A26D48 = {
			isa = PBXGroup;
			children = (
				7A8F6BD22E3D700F00A26D48 /* AWSCostMonitor */,
				7A8F6BE12E3D701000A26D48 /* AWSCostMonitorTests */,
				7A8F6BEB2E3D701000A26D48 /* AWSCostMonitorUITests */,
				7A8F6BD12E3D700F00A26D48 /* Products */,
			);
			sourceTree = "<group>";
		};
		7A8F6BD12E3D700F00A26D48 /* Products */ = {
			isa = PBXGroup;
			children = (
				7A8F6BD02E3D700F00A26D48 /* AWSCostMonitor.app */,
				7A8F6BDE2E3D701000A26D48 /* AWSCostMonitorTests.xctest */,
				7A8F6BE82E3D701000A26D48 /* AWSCostMonitorUITests.xctest */,
			);
			name = Products;
			sourceTree = "<group>";
		};
/* End PBXGroup section */

/* Begin PBXNativeTarget section */
		7A8F6BCF2E3D700F00A26D48 /* AWSCostMonitor */ = {
			isa = PBXNativeTarget;
			buildConfigurationList = 7A8F6BF22E3D701000A26D48 /* Build configuration list for PBXNativeTarget "AWSCostMonitor" */;
			buildPhases = (
				7A8F6BCC2E3D700F00A26D48 /* Sources */,
				7A8F6BCD2E3D700F00A26D48 /* Frameworks */,
				7A8F6BCE2E3D700F00A26D48 /* Resources */,
			);
			buildRules = (
			);
			dependencies = (
			);
			fileSystemSynchronizedGroups = (
				7A8F6BD22E3D700F00A26D48 /* AWSCostMonitor */,
			);
			name = AWSCostMonitor;
			packageProductDependencies = (
				7A8F6BFC2E3D716300A26D48 /* AWSCostExplorer */,
				7A8F6BFE2E3D716300A26D48 /* AWSSTS */,
			);
			productName = AWSCostMonitor;
			productReference = 7A8F6BD02E3D700F00A26D48 /* AWSCostMonitor.app */;
			productType = "com.apple.product-type.application";
		};
		7A8F6BDD2E3D701000A26D48 /* AWSCostMonitorTests */ = {
			isa = PBXNativeTarget;
			buildConfigurationList = 7A8F6BF52E3D701000A26D48 /* Build configuration list for PBXNativeTarget "AWSCostMonitorTests" */;
			buildPhases = (
				7A8F6BDA2E3D701000A26D48 /* Sources */,
				7A8F6BDB2E3D701000A26D48 /* Frameworks */,
				7A8F6BDC2E3D701000A26D48 /* Resources */,
			);
			buildRules = (
			);
			dependencies = (
				7A8F6BE02E3D701000A26D48 /* PBXTargetDependency */,
			);
			fileSystemSynchronizedGroups = (
				7A8F6BE12E3D701000A26D48 /* AWSCostMonitorTests */,
			);
			name = AWSCostMonitorTests;
			packageProductDependencies = (
			);
			productName = AWSCostMonitorTests;
			productReference = 7A8F6BDE2E3D701000A26D48 /* AWSCostMonitorTests.xctest */;
			productType = "com.apple.product-type.bundle.unit-test";
		};
		7A8F6BE72E3D701000A26D48 /* AWSCostMonitorUITests */ = {
			isa = PBXNativeTarget;
			buildConfigurationList = 7A8F6BF82E3D701000A26D48 /* Build configuration list for PBXNativeTarget "AWSCostMonitorUITests" */;
			buildPhases = (
				7A8F6BE42E3D701000A26D48 /* Sources */,
				7A8F6BE52E3D701000A26D48 /* Frameworks */,
				7A8F6BE62E3D701000A26D48 /* Resources */,
			);
			buildRules = (
			);
			dependencies = (
				7A8F6BEA2E3D701000A26D48 /* PBXTargetDependency */,
			);
			fileSystemSynchronizedGroups = (
				7A8F6BEB2E3D701000A26D48 /* AWSCostMonitorUITests */,
			);
			name = AWSCostMonitorUITests;
			packageProductDependencies = (
			);
			productName = AWSCostMonitorUITests;
			productReference = 7A8F6BE82E3D701000A26D48 /* AWSCostMonitorUITests.xctest */;
			productType = "com.apple.product-type.bundle.ui-testing";
		};
/* End PBXNativeTarget section */

/* Begin PBXProject section */
		7A8F6BC82E3D700F00A26D48 /* Project object */ = {
			isa = PBXProject;
			attributes = {
				BuildIndependentTargetsInParallel = 1;
				LastSwiftUpdateCheck = 1640;
				LastUpgradeCheck = 1640;
				TargetAttributes = {
					7A8F6BCF2E3D700F00A26D48 = {
						CreatedOnToolsVersion = 16.4;
					};
					7A8F6BDD2E3D701000A26D48 = {
						CreatedOnToolsVersion = 16.4;
						TestTargetID = 7A8F6BCF2E3D700F00A26D48;
					};
					7A8F6BE72E3D701000A26D48 = {
						CreatedOnToolsVersion = 16.4;
						TestTargetID = 7A8F6BCF2E3D700F00A26D48;
					};
				};
			};
			buildConfigurationList = 7A8F6BCB2E3D700F00A26D48 /* Build configuration list for PBXProject "AWSCostMonitor" */;
			developmentRegion = en;
			hasScannedForEncodings = 0;
			knownRegions = (
				en,
				Base,
			);
			mainGroup = 7A8F6BC72E3D700F00A26D48;
			minimizedProjectReferenceProxies = 1;
			packageReferences = (
				7A8F6BFB2E3D716300A26D48 /* XCRemoteSwiftPackageReference "aws-sdk-swift" */,
			);
			preferredProjectObjectVersion = 77;
			productRefGroup = 7A8F6BD12E3D700F00A26D48 /* Products */;
			projectDirPath = "";
			projectRoot = "";
			targets = (
				7A8F6BCF2E3D700F00A26D48 /* AWSCostMonitor */,
				7A8F6BDD2E3D701000A26D48 /* AWSCostMonitorTests */,
				7A8F6BE72E3D701000A26D48 /* AWSCostMonitorUITests */,
			);
		};
/* End PBXProject section */

/* Begin PBXResourcesBuildPhase section */
		7A8F6BCE2E3D700F00A26D48 /* Resources */ = {
			isa = PBXResourcesBuildPhase;
			buildActionMask = 2147483647;
			files = (
			);
			runOnlyForDeploymentPostprocessing = 0;
		};
		7A8F6BDC2E3D701000A26D48 /* Resources */ = {
			isa = PBXResourcesBuildPhase;
			buildActionMask = 2147483647;
			files = (
			);
			runOnlyForDeploymentPostprocessing = 0;
		};
		7A8F6BE62E3D701000A26D48 /* Resources */ = {
			isa = PBXResourcesBuildPhase;
			buildActionMask = 2147483647;
			files = (
			);
			runOnlyForDeploymentPostprocessing = 0;
		};
/* End PBXResourcesBuildPhase section */

/* Begin PBXSourcesBuildPhase section */
		7A8F6BCC2E3D700F00A26D48 /* Sources */ = {
			isa = PBXSourcesBuildPhase;
			buildActionMask = 2147483647;
			files = (
			);
			runOnlyForDeploymentPostprocessing = 0;
		};
		7A8F6BDA2E3D701000A26D48 /* Sources */ = {
			isa = PBXSourcesBuildPhase;
			buildActionMask = 2147483647;
			files = (
			);
			runOnlyForDeploymentPostprocessing = 0;
		};
		7A8F6BE42E3D701000A26D48 /* Sources */ = {
			isa = PBXSourcesBuildPhase;
			buildActionMask = 2147483647;
			files = (
			);
			runOnlyForDeploymentPostprocessing = 0;
		};
/* End PBXSourcesBuildPhase section */

/* Begin PBXTargetDependency section */
		7A8F6BE02E3D701000A26D48 /* PBXTargetDependency */ = {
			isa = PBXTargetDependency;
			target = 7A8F6BCF2E3D700F00A26D48 /* AWSCostMonitor */;
			targetProxy = 7A8F6BDF2E3D701000A26D48 /* PBXContainerItemProxy */;
		};
		7A8F6BEA2E3D701000A26D48 /* PBXTargetDependency */ = {
			isa = PBXTargetDependency;
			target = 7A8F6BCF2E3D700F00A26D48 /* AWSCostMonitor */;
			targetProxy = 7A8F6BE92E3D701000A26D48 /* PBXContainerItemProxy */;
		};
/* End PBXTargetDependency section */

/* Begin XCBuildConfiguration section */
		7A8F6BF02E3D701000A26D48 /* Debug */ = {
			isa = XCBuildConfiguration;
			buildSettings = {
				ALWAYS_SEARCH_USER_PATHS = NO;
				ASSETCATALOG_COMPILER_GENERATE_SWIFT_ASSET_SYMBOL_EXTENSIONS = YES;
				CLANG_ANALYZER_NONNULL = YES;
				CLANG_ANALYZER_NUMBER_OBJECT_CONVERSION = YES_AGGRESSIVE;
				CLANG_CXX_LANGUAGE_STANDARD = "gnu++20";
				CLANG_ENABLE_MODULES = YES;
				CLANG_ENABLE_OBJC_ARC = YES;
				CLANG_ENABLE_OBJC_WEAK = YES;
				CLANG_WARN_BLOCK_CAPTURE_AUTORELEASING = YES;
				CLANG_WARN_BOOL_CONVERSION = YES;
				CLANG_WARN_COMMA = YES;
				CLANG_WARN_CONSTANT_CONVERSION = YES;
				CLANG_WARN_DEPRECATED_OBJC_IMPLEMENTATIONS = YES;
				CLANG_WARN_DIRECT_OBJC_ISA_USAGE = YES_ERROR;
				CLANG_WARN_DOCUMENTATION_COMMENTS = YES;
				CLANG_WARN_EMPTY_BODY = YES;
				CLANG_WARN_ENUM_CONVERSION = YES;
				CLANG_WARN_INFINITE_RECURSION = YES;
				CLANG_WARN_INT_CONVERSION = YES;
				CLANG_WARN_NON_LITERAL_NULL_CONVERSION = YES;
				CLANG_WARN_OBJC_IMPLICIT_RETAIN_SELF = YES;
				CLANG_WARN_OBJC_LITERAL_CONVERSION = YES;
				CLANG_WARN_OBJC_ROOT_CLASS = YES_ERROR;
				CLANG_WARN_QUOTED_INCLUDE_IN_FRAMEWORK_HEADER = YES;
				CLANG_WARN_RANGE_LOOP_ANALYSIS = YES;
				CLANG_WARN_STRICT_PROTOTYPES = YES;
				CLANG_WARN_SUSPICIOUS_MOVE = YES;
				CLANG_WARN_UNGUARDED_AVAILABILITY = YES_AGGRESSIVE;
				CLANG_WARN_UNREACHABLE_CODE = YES;
				CLANG_WARN__DUPLICATE_METHOD_MATCH = YES;
				COPY_PHASE_STRIP = NO;
				DEBUG_INFORMATION_FORMAT = dwarf;
				DEVELOPMENT_TEAM = TJSYWP4C3D;
				ENABLE_STRICT_OBJC_MSGSEND = YES;
				ENABLE_TESTABILITY = YES;
				ENABLE_USER_SCRIPT_SANDBOXING = YES;
				GCC_C_LANGUAGE_STANDARD = gnu17;
				GCC_DYNAMIC_NO_PIC = NO;
				GCC_NO_COMMON_BLOCKS = YES;
				GCC_OPTIMIZATION_LEVEL = 0;
				GCC_PREPROCESSOR_DEFINITIONS = (
					"DEBUG=1",
					"$(inherited)",
				);
				GCC_WARN_64_TO_32_BIT_CONVERSION = YES;
				GCC_WARN_ABOUT_RETURN_TYPE = YES_ERROR;
				GCC_WARN_UNDECLARED_SELECTOR = YES;
				GCC_WARN_UNINITIALIZED_AUTOS = YES_AGGRESSIVE;
				GCC_WARN_UNUSED_FUNCTION = YES;
				GCC_WARN_UNUSED_VARIABLE = YES;
				LOCALIZATION_PREFERS_STRING_CATALOGS = YES;
				MACOSX_DEPLOYMENT_TARGET = 15.5;
				MTL_ENABLE_DEBUG_INFO = INCLUDE_SOURCE;
				MTL_FAST_MATH = YES;
				ONLY_ACTIVE_ARCH = YES;
				SDKROOT = macosx;
				SWIFT_ACTIVE_COMPILATION_CONDITIONS = "DEBUG $(inherited)";
				SWIFT_OPTIMIZATION_LEVEL = "-Onone";
			};
			name = Debug;
		};
		7A8F6BF12E3D701000A26D48 /* Release */ = {
			isa = XCBuildConfiguration;
			buildSettings = {
				ALWAYS_SEARCH_USER_PATHS = NO;
				ASSETCATALOG_COMPILER_GENERATE_SWIFT_ASSET_SYMBOL_EXTENSIONS = YES;
				CLANG_ANALYZER_NONNULL = YES;
				CLANG_ANALYZER_NUMBER_OBJECT_CONVERSION = YES_AGGRESSIVE;
				CLANG_CXX_LANGUAGE_STANDARD = "gnu++20";
				CLANG_ENABLE_MODULES = YES;
				CLANG_ENABLE_OBJC_ARC = YES;
				CLANG_ENABLE_OBJC_WEAK = YES;
				CLANG_WARN_BLOCK_CAPTURE_AUTORELEASING = YES;
				CLANG_WARN_BOOL_CONVERSION = YES;
				CLANG_WARN_COMMA = YES;
				CLANG_WARN_CONSTANT_CONVERSION = YES;
				CLANG_WARN_DEPRECATED_OBJC_IMPLEMENTATIONS = YES;
				CLANG_WARN_DIRECT_OBJC_ISA_USAGE = YES_ERROR;
				CLANG_WARN_DOCUMENTATION_COMMENTS = YES;
				CLANG_WARN_EMPTY_BODY = YES;
				CLANG_WARN_ENUM_CONVERSION = YES;
				CLANG_WARN_INFINITE_RECURSION = YES;
				CLANG_WARN_INT_CONVERSION = YES;
				CLANG_WARN_NON_LITERAL_NULL_CONVERSION = YES;
				CLANG_WARN_OBJC_IMPLICIT_RETAIN_SELF = YES;
				CLANG_WARN_OBJC_LITERAL_CONVERSION = YES;
				CLANG_WARN_OBJC_ROOT_CLASS = YES_ERROR;
				CLANG_WARN_QUOTED_INCLUDE_IN_FRAMEWORK_HEADER = YES;
				CLANG_WARN_RANGE_LOOP_ANALYSIS = YES;
				CLANG_WARN_STRICT_PROTOTYPES = YES;
				CLANG_WARN_SUSPICIOUS_MOVE = YES;
				CLANG_WARN_UNGUARDED_AVAILABILITY = YES_AGGRESSIVE;
				CLANG_WARN_UNREACHABLE_CODE = YES;
				CLANG_WARN__DUPLICATE_METHOD_MATCH = YES;
				COPY_PHASE_STRIP = NO;
				DEBUG_INFORMATION_FORMAT = "dwarf-with-dsym";
				DEVELOPMENT_TEAM = TJSYWP4C3D;
				ENABLE_NS_ASSERTIONS = NO;
				ENABLE_STRICT_OBJC_MSGSEND = YES;
				ENABLE_USER_SCRIPT_SANDBOXING = YES;
				GCC_C_LANGUAGE_STANDARD = gnu17;
				GCC_NO_COMMON_BLOCKS = YES;
				GCC_WARN_64_TO_32_BIT_CONVERSION = YES;
				GCC_WARN_ABOUT_RETURN_TYPE = YES_ERROR;
				GCC_WARN_UNDECLARED_SELECTOR = YES;
				GCC_WARN_UNINITIALIZED_AUTOS = YES_AGGRESSIVE;
				GCC_WARN_UNUSED_FUNCTION = YES;
				GCC_WARN_UNUSED_VARIABLE = YES;
				LOCALIZATION_PREFERS_STRING_CATALOGS = YES;
				MACOSX_DEPLOYMENT_TARGET = 15.5;
				MTL_ENABLE_DEBUG_INFO = NO;
				MTL_FAST_MATH = YES;
				SDKROOT = macosx;
				SWIFT_COMPILATION_MODE = wholemodule;
			};
			name = Release;
		};
		7A8F6BF32E3D701000A26D48 /* Debug */ = {
			isa = XCBuildConfiguration;
			buildSettings = {
				ASSETCATALOG_COMPILER_APPICON_NAME = AppIcon;
				ASSETCATALOG_COMPILER_GLOBAL_ACCENT_COLOR_NAME = AccentColor;
				CODE_SIGN_ENTITLEMENTS = AWSCostMonitor/AWSCostMonitor.entitlements;
				CODE_SIGN_STYLE = Automatic;
				COMBINE_HIDPI_IMAGES = YES;
				CURRENT_PROJECT_VERSION = 1;
				DEVELOPMENT_TEAM = TJSYWP4C3D;
				ENABLE_HARDENED_RUNTIME = YES;
				ENABLE_PREVIEWS = YES;
				GENERATE_INFOPLIST_FILE = YES;
				INFOPLIST_KEY_LSUIElement = YES;
				INFOPLIST_KEY_NSHumanReadableCopyright = "";
				LD_RUNPATH_SEARCH_PATHS = (
					"$(inherited)",
					"@executable_path/../Frameworks",
				);
				MARKETING_VERSION = 1.0;
				PRODUCT_BUNDLE_IDENTIFIER = middleout.AWSCostMonitor;
				PRODUCT_NAME = "$(TARGET_NAME)";
				REGISTER_APP_GROUPS = YES;
				SWIFT_EMIT_LOC_STRINGS = YES;
				SWIFT_VERSION = 5.0;
			};
			name = Debug;
		};
		7A8F6BF42E3D701000A26D48 /* Release */ = {
			isa = XCBuildConfiguration;
			buildSettings = {
				ASSETCATALOG_COMPILER_APPICON_NAME = AppIcon;
				ASSETCATALOG_COMPILER_GLOBAL_ACCENT_COLOR_NAME = AccentColor;
				CODE_SIGN_ENTITLEMENTS = AWSCostMonitor/AWSCostMonitor.entitlements;
				CODE_SIGN_STYLE = Automatic;
				COMBINE_HIDPI_IMAGES = YES;
				CURRENT_PROJECT_VERSION = 1;
				DEVELOPMENT_TEAM = TJSYWP4C3D;
				ENABLE_HARDENED_RUNTIME = YES;
				ENABLE_PREVIEWS = YES;
				GENERATE_INFOPLIST_FILE = YES;
				INFOPLIST_KEY_LSUIElement = YES;
				INFOPLIST_KEY_NSHumanReadableCopyright = "";
				LD_RUNPATH_SEARCH_PATHS = (
					"$(inherited)",
					"@executable_path/../Frameworks",
				);
				MARKETING_VERSION = 1.0;
				PRODUCT_BUNDLE_IDENTIFIER = middleout.AWSCostMonitor;
				PRODUCT_NAME = "$(TARGET_NAME)";
				REGISTER_APP_GROUPS = YES;
				SWIFT_EMIT_LOC_STRINGS = YES;
				SWIFT_VERSION = 5.0;
			};
			name = Release;
		};
		7A8F6BF62E3D701000A26D48 /* Debug */ = {
			isa = XCBuildConfiguration;
			buildSettings = {
				BUNDLE_LOADER = "$(TEST_HOST)";
				CODE_SIGN_STYLE = Automatic;
				CURRENT_PROJECT_VERSION = 1;
				DEVELOPMENT_TEAM = TJSYWP4C3D;
				GENERATE_INFOPLIST_FILE = YES;
				MACOSX_DEPLOYMENT_TARGET = 15.5;
				MARKETING_VERSION = 1.0;
				PRODUCT_BUNDLE_IDENTIFIER = middleout.AWSCostMonitorTests;
				PRODUCT_NAME = "$(TARGET_NAME)";
				SWIFT_EMIT_LOC_STRINGS = NO;
				SWIFT_VERSION = 5.0;
				TEST_HOST = "$(BUILT_PRODUCTS_DIR)/AWSCostMonitor.app/$(BUNDLE_EXECUTABLE_FOLDER_PATH)/AWSCostMonitor";
			};
			name = Debug;
		};
		7A8F6BF72E3D701000A26D48 /* Release */ = {
			isa = XCBuildConfiguration;
			buildSettings = {
				BUNDLE_LOADER = "$(TEST_HOST)";
				CODE_SIGN_STYLE = Automatic;
				CURRENT_PROJECT_VERSION = 1;
				DEVELOPMENT_TEAM = TJSYWP4C3D;
				GENERATE_INFOPLIST_FILE = YES;
				MACOSX_DEPLOYMENT_TARGET = 15.5;
				MARKETING_VERSION = 1.0;
				PRODUCT_BUNDLE_IDENTIFIER = middleout.AWSCostMonitorTests;
				PRODUCT_NAME = "$(TARGET_NAME)";
				SWIFT_EMIT_LOC_STRINGS = NO;
				SWIFT_VERSION = 5.0;
				TEST_HOST = "$(BUILT_PRODUCTS_DIR)/AWSCostMonitor.app/$(BUNDLE_EXECUTABLE_FOLDER_PATH)/AWSCostMonitor";
			};
			name = Release;
		};
		7A8F6BF92E3D701000A26D48 /* Debug */ = {
			isa = XCBuildConfiguration;
			buildSettings = {
				CODE_SIGN_STYLE = Automatic;
				CURRENT_PROJECT_VERSION = 1;
				DEVELOPMENT_TEAM = TJSYWP4C3D;
				GENERATE_INFOPLIST_FILE = YES;
				MARKETING_VERSION = 1.0;
				PRODUCT_BUNDLE_IDENTIFIER = middleout.AWSCostMonitorUITests;
				PRODUCT_NAME = "$(TARGET_NAME)";
				SWIFT_EMIT_LOC_STRINGS = NO;
				SWIFT_VERSION = 5.0;
				TEST_TARGET_NAME = AWSCostMonitor;
			};
			name = Debug;
		};
		7A8F6BFA2E3D701000A26D48 /* Release */ = {
			isa = XCBuildConfiguration;
			buildSettings = {
				CODE_SIGN_STYLE = Automatic;
				CURRENT_PROJECT_VERSION = 1;
				DEVELOPMENT_TEAM = TJSYWP4C3D;
				GENERATE_INFOPLIST_FILE = YES;
				MARKETING_VERSION = 1.0;
				PRODUCT_BUNDLE_IDENTIFIER = middleout.AWSCostMonitorUITests;
				PRODUCT_NAME = "$(TARGET_NAME)";
				SWIFT_EMIT_LOC_STRINGS = NO;
				SWIFT_VERSION = 5.0;
				TEST_TARGET_NAME = AWSCostMonitor;
			};
			name = Release;
		};
/* End XCBuildConfiguration section */

/* Begin XCConfigurationList section */
		7A8F6BCB2E3D700F00A26D48 /* Build configuration list for PBXProject "AWSCostMonitor" */ = {
			isa = XCConfigurationList;
			buildConfigurations = (
				7A8F6BF02E3D701000A26D48 /* Debug */,
				7A8F6BF12E3D701000A26D48 /* Release */,
			);
			defaultConfigurationIsVisible = 0;
			defaultConfigurationName = Release;
		};
		7A8F6BF22E3D701000A26D48 /* Build configuration list for PBXNativeTarget "AWSCostMonitor" */ = {
			isa = XCConfigurationList;
			buildConfigurations = (
				7A8F6BF32E3D701000A26D48 /* Debug */,
				7A8F6BF42E3D701000A26D48 /* Release */,
			);
			defaultConfigurationIsVisible = 0;
			defaultConfigurationName = Release;
		};
		7A8F6BF52E3D701000A26D48 /* Build configuration list for PBXNativeTarget "AWSCostMonitorTests" */ = {
			isa = XCConfigurationList;
			buildConfigurations = (
				7A8F6BF62E3D701000A26D48 /* Debug */,
				7A8F6BF72E3D701000A26D48 /* Release */,
			);
			defaultConfigurationIsVisible = 0;
			defaultConfigurationName = Release;
		};
		7A8F6BF82E3D701000A26D48 /* Build configuration list for PBXNativeTarget "AWSCostMonitorUITests" */ = {
			isa = XCConfigurationList;
			buildConfigurations = (
				7A8F6BF92E3D701000A26D48 /* Debug */,
				7A8F6BFA2E3D701000A26D48 /* Release */,
			);
			defaultConfigurationIsVisible = 0;
			defaultConfigurationName = Release;
		};
/* End XCConfigurationList section */

/* Begin XCRemoteSwiftPackageReference section */
		7A8F6BFB2E3D716300A26D48 /* XCRemoteSwiftPackageReference "aws-sdk-swift" */ = {
			isa = XCRemoteSwiftPackageReference;
			repositoryURL = "https://github.com/awslabs/aws-sdk-swift";
			requirement = {
				kind = upToNextMajorVersion;
				minimumVersion = 1.5.12;
			};
		};
/* End XCRemoteSwiftPackageReference section */

/* Begin XCSwiftPackageProductDependency section */
		7A8F6BFC2E3D716300A26D48 /* AWSCostExplorer */ = {
			isa = XCSwiftPackageProductDependency;
			package = 7A8F6BFB2E3D716300A26D48 /* XCRemoteSwiftPackageReference "aws-sdk-swift" */;
			productName = AWSCostExplorer;
		};
		7A8F6BFE2E3D716300A26D48 /* AWSSTS */ = {
			isa = XCSwiftPackageProductDependency;
			package = 7A8F6BFB2E3D716300A26D48 /* XCRemoteSwiftPackageReference "aws-sdk-swift" */;
			productName = AWSSTS;
		};
/* End XCSwiftPackageProductDependency section */
	};
	rootObject = 7A8F6BC82E3D700F00A26D48 /* Project object */;
}
